PODS:
  - Alamofire (5.4.0)
  - IQKeyboardManagerSwift (6.5.6)
  - SDWebImage (5.9.4):
    - SDWebImage/Core (= 5.9.4)
  - SDWebImage/Core (5.9.4)
  - Toast-Swift (5.0.1)

DEPENDENCIES:
  - Alamofire
  - IQKeyboardManagerSwift
  - SDWebImage
  - Toast-Swift

SPEC REPOS:
  trunk:
    - Alamofire
    - IQKeyboardManagerSwift
    - SDWebImage
    - Toast-Swift

SPEC CHECKSUMS:
  Alamofire: 3b6a534a3df22db367e4dedeeca73d1ddfcf0e2f
  IQKeyboardManagerSwift: c7df9d2deb356c04522f5c4b7b6e4ce4d8ed94fe
  SDWebImage: b69257f4ab14e9b6a2ef53e910fdf914d8f757c1
  Toast-Swift: 9b6a70f28b3bf0b96c40d46c0c4b9d6639846711

PODFILE CHECKSUM: 725f3d7094d6e096ab6a2556552fddad0b25105e

COCOAPODS: 1.10.0
